
Microsoft Visual Studio Solution File, Format Version 12.00
# Visual Studio Version 16
VisualStudioVersion = 16.0.32228.343
MinimumVisualStudioVersion = 10.0.40219.1
Project("{FAE04EC0-301F-11D3-BF4B-00C04F79EFBC}") = "juanproject", "juanproject\juanproject.csproj", "{BE0FC374-85CA-46F2-AB7B-CC4759C9B562}"
EndProject
Global
	GlobalSection(SolutionConfigurationPlatforms) = preSolution
		Debug|Any CPU = Debug|Any CPU
		Release|Any CPU = Release|Any CPU
	EndGlobalSection
	GlobalSection(ProjectConfigurationPlatforms) = postSolution
		{BE0FC374-85CA-46F2-AB7B-CC4759C9B562}.Debug|Any CPU.ActiveCfg = Debug|Any CPU
		{BE0FC374-85CA-46F2-AB7B-CC4759C9B562}.Debug|Any CPU.Build.0 = Debug|Any CPU
		{BE0FC374-85CA-46F2-AB7B-CC4759C9B562}.Release|Any CPU.ActiveCfg = Release|Any CPU
		{BE0FC374-85CA-46F2-AB7B-CC4759C9B562}.Release|Any CPU.Build.0 = Release|Any CPU
	EndGlobalSection
	GlobalSection(SolutionProperties) = preSolution
		HideSolutionNode = FALSE
	EndGlobalSection
	GlobalSection(ExtensibilityGlobals) = postSolution
		SolutionGuid = {18B4A19B-63E9-4246-8566-234CBE242D25}
	EndGlobalSection
EndGlobal
